<?xml version="1.0" encoding="utf-8"?>
<Project ToolsVersion="4.0" xmlns="http://schemas.microsoft.com/developer/msbuild/2003">
  <ItemGroup>
    <Filter Include="Engine">
      <UniqueIdentifier>{6f8c5eca-c408-491c-89c1-1ea0a187c350}</UniqueIdentifier>
    </Filter>
    <Filter Include="Default">
      <UniqueIdentifier>{8b91a9f9-cd31-4fc0-bb93-fde4cf05a097}</UniqueIdentifier>
    </Filter>
    <Filter Include="Default\Resource Files">
      <UniqueIdentifier>{67DA6AB6-F800-4c08-8B7A-83BB121AAD01}</UniqueIdentifier>
      <Extensions>rc;ico;cur;bmp;dlg;rc2;rct;bin;rgs;gif;jpg;jpeg;jpe;resx;tiff;tif;png;wav;mfcribbon-ms</Extensions>
    </Filter>
    <Filter Include="Default\Utils">
      <UniqueIdentifier>{5b80a9c9-fdb3-4fc3-806e-8bd5af8b6587}</UniqueIdentifier>
    </Filter>
    <Filter Include="Engine\2. Core">
      <UniqueIdentifier>{f48f9e53-5768-438e-8c5b-ef41983e8048}</UniqueIdentifier>
    </Filter>
    <Filter Include="Engine\3. Manager">
      <UniqueIdentifier>{3fd13e00-88ae-42e0-a5a0-225dfd83756c}</UniqueIdentifier>
    </Filter>
    <Filter Include="Engine\3. Manager\TimeMgr">
      <UniqueIdentifier>{860c03ec-73bd-45a4-b4ba-0d26af0b45e2}</UniqueIdentifier>
    </Filter>
    <Filter Include="Engine\1. Header">
      <UniqueIdentifier>{fd39639d-88c2-4bb9-bf51-f49a750b77d0}</UniqueIdentifier>
    </Filter>
    <Filter Include="Engine\4. Scene">
      <UniqueIdentifier>{3351928c-ae9d-459c-ad95-8502b8e6bb34}</UniqueIdentifier>
    </Filter>
    <Filter Include="Engine\5. Object">
      <UniqueIdentifier>{23b99076-bfb1-46c6-b87e-ee1e38207a21}</UniqueIdentifier>
    </Filter>
    <Filter Include="Engine\3. Manager\SceneMgr">
      <UniqueIdentifier>{c90e11a5-291d-4a7d-ad6d-8b8583afe659}</UniqueIdentifier>
    </Filter>
    <Filter Include="Engine\4. Scene\Tool_Scene">
      <UniqueIdentifier>{1a497ab2-4941-4482-a8e4-1c4d6277524e}</UniqueIdentifier>
    </Filter>
    <Filter Include="Engine\4. Scene\Start_Scene">
      <UniqueIdentifier>{445187a2-66fd-44d9-81da-54aacb5fec9c}</UniqueIdentifier>
    </Filter>
    <Filter Include="Engine\5. Object\Player">
      <UniqueIdentifier>{54b5c28c-3e8d-4fbb-893e-500a9a9f8705}</UniqueIdentifier>
    </Filter>
    <Filter Include="Engine\6. Resource">
      <UniqueIdentifier>{80f33ce7-a237-4ffe-a470-fcf9b7366274}</UniqueIdentifier>
    </Filter>
    <Filter Include="Engine\3. Manager\ResMgr">
      <UniqueIdentifier>{94754cb0-b951-499b-9c3c-9bb48d589d8d}</UniqueIdentifier>
    </Filter>
    <Filter Include="Engine\6. Resource\Texture">
      <UniqueIdentifier>{f2890b83-1787-4443-bbcf-67b61cbbf5a3}</UniqueIdentifier>
    </Filter>
    <Filter Include="Engine\3. Manager\PathMgr">
      <UniqueIdentifier>{73a61ea1-f522-426f-94ed-989dbe1aadd0}</UniqueIdentifier>
    </Filter>
    <Filter Include="Engine\5. Object\Monster">
      <UniqueIdentifier>{7cece156-5b0f-4352-88fd-fbc156d79075}</UniqueIdentifier>
    </Filter>
    <Filter Include="Engine\7. Collider">
      <UniqueIdentifier>{53552c8e-bcd8-4f83-8041-f4725df247dc}</UniqueIdentifier>
    </Filter>
  </ItemGroup>
  <ItemGroup>
    <ClInclude Include="targetver.h">
      <Filter>Default\Utils</Filter>
    </ClInclude>
    <ClInclude Include="main.h">
      <Filter>Default\Utils</Filter>
    </ClInclude>
    <ClInclude Include="framework.h">
      <Filter>Default\Utils</Filter>
    </ClInclude>
    <ClInclude Include="Resource.h">
      <Filter>Default\Utils</Filter>
    </ClInclude>
    <ClInclude Include="CCore.h">
      <Filter>Engine\2. Core</Filter>
    </ClInclude>
    <ClInclude Include="define.h">
      <Filter>Engine\1. Header</Filter>
    </ClInclude>
    <ClInclude Include="pch.h">
      <Filter>Engine</Filter>
    </ClInclude>
    <ClInclude Include="struct.h">
      <Filter>Engine\1. Header</Filter>
    </ClInclude>
    <ClInclude Include="CTimeMgr.h">
      <Filter>Engine\3. Manager\TimeMgr</Filter>
    </ClInclude>
    <ClInclude Include="CScene.h">
      <Filter>Engine\4. Scene</Filter>
    </ClInclude>
    <ClInclude Include="CObject.h">
      <Filter>Engine\5. Object</Filter>
    </ClInclude>
    <ClInclude Include="func.h">
      <Filter>Engine\1. Header</Filter>
    </ClInclude>
    <ClInclude Include="CSceneMgr.h">
      <Filter>Engine\3. Manager\SceneMgr</Filter>
    </ClInclude>
    <ClInclude Include="CScene_Tool.h">
      <Filter>Engine\4. Scene\Tool_Scene</Filter>
    </ClInclude>
    <ClInclude Include="CScene_Start.h">
      <Filter>Engine\4. Scene\Start_Scene</Filter>
    </ClInclude>
    <ClInclude Include="CRes.h">
      <Filter>Engine\6. Resource</Filter>
    </ClInclude>
    <ClInclude Include="CResMgr.h">
      <Filter>Engine\3. Manager\ResMgr</Filter>
    </ClInclude>
    <ClInclude Include="CTexture.h">
      <Filter>Engine\6. Resource\Texture</Filter>
    </ClInclude>
    <ClInclude Include="CPathMgr.h">
      <Filter>Engine\3. Manager\PathMgr</Filter>
    </ClInclude>
    <ClInclude Include="CPlayer.h">
      <Filter>Engine\5. Object\Player</Filter>
    </ClInclude>
    <ClInclude Include="CMonster.h">
      <Filter>Engine\5. Object\Monster</Filter>
    </ClInclude>
    <ClInclude Include="CCollider.h">
      <Filter>Engine\7. Collider</Filter>
    </ClInclude>
  </ItemGroup>
  <ItemGroup>
    <ClCompile Include="main.cpp">
      <Filter>Default\Utils</Filter>
    </ClCompile>
    <ClCompile Include="pch.cpp">
      <Filter>Default\Utils</Filter>
    </ClCompile>
    <ClCompile Include="CCore.cpp">
      <Filter>Engine\2. Core</Filter>
    </ClCompile>
    <ClCompile Include="CTimeMgr.cpp">
      <Filter>Engine\3. Manager\TimeMgr</Filter>
    </ClCompile>
    <ClCompile Include="CScene.cpp">
      <Filter>Engine\4. Scene</Filter>
    </ClCompile>
    <ClCompile Include="CObject.cpp">
      <Filter>Engine\5. Object</Filter>
    </ClCompile>
    <ClCompile Include="CSceneMgr.cpp">
      <Filter>Engine\3. Manager\SceneMgr</Filter>
    </ClCompile>
    <ClCompile Include="CScene_Tool.cpp">
      <Filter>Engine\4. Scene\Tool_Scene</Filter>
    </ClCompile>
    <ClCompile Include="CScene_Start.cpp">
      <Filter>Engine\4. Scene\Start_Scene</Filter>
    </ClCompile>
    <ClCompile Include="CRes.cpp">
      <Filter>Engine\6. Resource</Filter>
    </ClCompile>
    <ClCompile Include="CResMgr.cpp">
      <Filter>Engine\3. Manager\ResMgr</Filter>
    </ClCompile>
    <ClCompile Include="CPathMgr.cpp">
      <Filter>Engine\3. Manager\PathMgr</Filter>
    </ClCompile>
    <ClCompile Include="CTexture.cpp">
      <Filter>Engine\6. Resource\Texture</Filter>
    </ClCompile>
    <ClCompile Include="CPlayer.cpp">
      <Filter>Engine\5. Object\Player</Filter>
    </ClCompile>
    <ClCompile Include="CMonster.cpp">
      <Filter>Engine\5. Object\Monster</Filter>
    </ClCompile>
    <ClCompile Include="CCollider.cpp">
      <Filter>Engine\7. Collider</Filter>
    </ClCompile>
  </ItemGroup>
  <ItemGroup>
    <ResourceCompile Include="Client.rc">
      <Filter>Default\Resource Files</Filter>
    </ResourceCompile>
  </ItemGroup>
  <ItemGroup>
    <Image Include="small.ico">
      <Filter>Default\Resource Files</Filter>
    </Image>
    <Image Include="Client.ico">
      <Filter>Default\Resource Files</Filter>
    </Image>
  </ItemGroup>
</Project>